
Microsoft Visual Studio Solution File, Format Version 12.00
# Visual Studio 15
VisualStudioVersion = 15.0.27703.2018
MinimumVisualStudioVersion = 10.0.40219.1
Project("{FAE04EC0-301F-11D3-BF4B-00C04F79EFBC}") = "CVModèle", "CVModel\CVModèle.csproj", "{01CA1CEE-0FBA-4A01-8E3E-D071A613FAEA}"
EndProject
Project("{FAE04EC0-301F-11D3-BF4B-00C04F79EFBC}") = "ApplicationDeConversion", "ApplicationDeConversion\ApplicationDeConversion.csproj", "{DCB5C3E5-478F-4445-B355-2638A2583760}"
EndProject
Project("{FAE04EC0-301F-11D3-BF4B-00C04F79EFBC}") = "LGCV_Test", "LGCV_Test\LGCV_Test.csproj", "{CE296147-B227-4EA0-8F8E-DE58870CF0A4}"
EndProject
Project("{FAE04EC0-301F-11D3-BF4B-00C04F79EFBC}") = "XmlHandler", "XmlHandler\XmlHandler.csproj", "{04405539-D50A-423D-8B55-AA41B523629E}"
EndProject
Global
	GlobalSection(SolutionConfigurationPlatforms) = preSolution
		Debug|Any CPU = Debug|Any CPU
		Release|Any CPU = Release|Any CPU
	EndGlobalSection
	GlobalSection(ProjectConfigurationPlatforms) = postSolution
		{01CA1CEE-0FBA-4A01-8E3E-D071A613FAEA}.Debug|Any CPU.ActiveCfg = Debug|Any CPU
		{01CA1CEE-0FBA-4A01-8E3E-D071A613FAEA}.Debug|Any CPU.Build.0 = Debug|Any CPU
		{01CA1CEE-0FBA-4A01-8E3E-D071A613FAEA}.Release|Any CPU.ActiveCfg = Release|Any CPU
		{01CA1CEE-0FBA-4A01-8E3E-D071A613FAEA}.Release|Any CPU.Build.0 = Release|Any CPU
		{DCB5C3E5-478F-4445-B355-2638A2583760}.Debug|Any CPU.ActiveCfg = Debug|Any CPU
		{DCB5C3E5-478F-4445-B355-2638A2583760}.Debug|Any CPU.Build.0 = Debug|Any CPU
		{DCB5C3E5-478F-4445-B355-2638A2583760}.Release|Any CPU.ActiveCfg = Release|Any CPU
		{DCB5C3E5-478F-4445-B355-2638A2583760}.Release|Any CPU.Build.0 = Release|Any CPU
		{CE296147-B227-4EA0-8F8E-DE58870CF0A4}.Debug|Any CPU.ActiveCfg = Debug|Any CPU
		{CE296147-B227-4EA0-8F8E-DE58870CF0A4}.Debug|Any CPU.Build.0 = Debug|Any CPU
		{CE296147-B227-4EA0-8F8E-DE58870CF0A4}.Release|Any CPU.ActiveCfg = Release|Any CPU
		{CE296147-B227-4EA0-8F8E-DE58870CF0A4}.Release|Any CPU.Build.0 = Release|Any CPU
		{04405539-D50A-423D-8B55-AA41B523629E}.Debug|Any CPU.ActiveCfg = Debug|Any CPU
		{04405539-D50A-423D-8B55-AA41B523629E}.Debug|Any CPU.Build.0 = Debug|Any CPU
		{04405539-D50A-423D-8B55-AA41B523629E}.Release|Any CPU.ActiveCfg = Release|Any CPU
		{04405539-D50A-423D-8B55-AA41B523629E}.Release|Any CPU.Build.0 = Release|Any CPU
	EndGlobalSection
	GlobalSection(SolutionProperties) = preSolution
		HideSolutionNode = FALSE
	EndGlobalSection
	GlobalSection(ExtensibilityGlobals) = postSolution
		SolutionGuid = {B51E5692-574D-4976-A18A-0381E280F92E}
	EndGlobalSection
EndGlobal
